{
  "name": "birjemin-cli",
  "version": "1.0.0",
  "lockfileVersion": 1,
  "requires": true,
  "dependencies": {
    "@babel/polyfill": {
      "version": "7.0.0-rc.1",
      "resolved": "http://registry.npm.taobao.org/@babel/polyfill/download/@babel/polyfill-7.0.0-rc.1.tgz",
      "integrity": "sha1-x44X5kxCzWovXY7fDyDhghPA100=",
      "requires": {
        "core-js": "^2.5.7",
        "regenerator-runtime": "^0.11.1"
      }
    },
    "@types/node": {
      "version": "10.7.0",
      "resolved": "http://registry.npm.taobao.org/@types/node/download/@types/node-10.7.0.tgz",
      "integrity": "sha1-04SyyGJUFKsqoY/fmJwojWp6ggI="
    },
    "ansi-escapes": {
      "version": "3.1.0",
      "resolved": "http://registry.npm.taobao.org/ansi-escapes/download/ansi-escapes-3.1.0.tgz",
      "integrity": "sha1-9zIHu4EgfXX9bIPxJa8m7qN4yjA="
    },
    "ansi-regex": {
      "version": "3.0.0",
      "resolved": "http://registry.npm.taobao.org/ansi-regex/download/ansi-regex-3.0.0.tgz",
      "integrity": "sha1-7QMXwyIGT3lGbAKWa922Bas32Zg="
    },
    "ansi-styles": {
      "version": "3.2.1",
      "resolved": "http://registry.npm.taobao.org/ansi-styles/download/ansi-styles-3.2.1.tgz",
      "integrity": "sha1-QfuyAkPlCxK+DwS43tvwdSDOhB0=",
      "requires": {
        "color-convert": "^1.9.0"
      }
    },
    "any-base": {
      "version": "1.1.0",
      "resolved": "http://registry.npm.taobao.org/any-base/download/any-base-1.1.0.tgz",
      "integrity": "sha1-rhAaYrwIpZe0yatbcInUVmMFSf4="
    },
    "asynckit": {
      "version": "0.4.0",
      "resolved": "http://registry.npm.taobao.org/asynckit/download/asynckit-0.4.0.tgz",
      "integrity": "sha1-x57Zf380y48robyXkLzDZkdLS3k="
    },
    "base64-js": {
      "version": "1.3.0",
      "resolved": "http://registry.npm.taobao.org/base64-js/download/base64-js-1.3.0.tgz",
      "integrity": "sha1-yrHmEY8FEJXli1KBrqjBzSK/wOM="
    },
    "bmp-js": {
      "version": "0.1.0",
      "resolved": "http://registry.npm.taobao.org/bmp-js/download/bmp-js-0.1.0.tgz",
      "integrity": "sha1-4Fpj95amwf8l9Hcex62twUjAcjM="
    },
    "boolbase": {
      "version": "1.0.0",
      "resolved": "http://registry.npm.taobao.org/boolbase/download/boolbase-1.0.0.tgz",
      "integrity": "sha1-aN/1++YMUes3cl6p4+0xDcwed24="
    },
    "buffer": {
      "version": "5.2.0",
      "resolved": "http://registry.npm.taobao.org/buffer/download/buffer-5.2.0.tgz",
      "integrity": "sha1-U8+YJBEACZ6e6uIO5tUdIbFuVB4=",
      "requires": {
        "base64-js": "^1.0.2",
        "ieee754": "^1.1.4"
      }
    },
    "buffer-equal": {
      "version": "0.0.1",
      "resolved": "http://registry.npm.taobao.org/buffer-equal/download/buffer-equal-0.0.1.tgz",
      "integrity": "sha1-kbx0sR6kBbyRa8aqkI+q+ltKrEs="
    },
    "chalk": {
      "version": "2.4.1",
      "resolved": "http://registry.npm.taobao.org/chalk/download/chalk-2.4.1.tgz",
      "integrity": "sha1-GMSasWoDe26wFSzIPjRxM4IVtm4=",
      "requires": {
        "ansi-styles": "^3.2.1",
        "escape-string-regexp": "^1.0.5",
        "supports-color": "^5.3.0"
      }
    },
    "chardet": {
      "version": "0.5.0",
      "resolved": "http://registry.npm.taobao.org/chardet/download/chardet-0.5.0.tgz",
      "integrity": "sha1-/jrHPADD2GX/zAKgaC4sILagYCk="
    },
    "cheerio": {
      "version": "1.0.0-rc.2",
      "resolved": "http://registry.npm.taobao.org/cheerio/download/cheerio-1.0.0-rc.2.tgz",
      "integrity": "sha1-S59TqBsn5NXawxwP/Qz6A8xoMNs=",
      "requires": {
        "css-select": "~1.2.0",
        "dom-serializer": "~0.1.0",
        "entities": "~1.1.1",
        "htmlparser2": "^3.9.1",
        "lodash": "^4.15.0",
        "parse5": "^3.0.1"
      }
    },
    "cli-cursor": {
      "version": "2.1.0",
      "resolved": "http://registry.npm.taobao.org/cli-cursor/download/cli-cursor-2.1.0.tgz",
      "integrity": "sha1-s12sN2R5+sw+lHR9QdDQ9SOP/LU=",
      "requires": {
        "restore-cursor": "^2.0.0"
      }
    },
    "cli-width": {
      "version": "2.2.0",
      "resolved": "http://registry.npm.taobao.org/cli-width/download/cli-width-2.2.0.tgz",
      "integrity": "sha1-/xnt6Kml5XkyQUewwR8PvLq+1jk="
    },
    "color-convert": {
      "version": "1.9.2",
      "resolved": "http://registry.npm.taobao.org/color-convert/download/color-convert-1.9.2.tgz",
      "integrity": "sha1-SYgbj7pn3xKpa98/VsCqueeRMUc=",
      "requires": {
        "color-name": "1.1.1"
      }
    },
    "color-name": {
      "version": "1.1.1",
      "resolved": "http://registry.npm.taobao.org/color-name/download/color-name-1.1.1.tgz",
      "integrity": "sha1-SxQVMEz1ACjqgWQ2Q72C6gWANok="
    },
    "combined-stream": {
      "version": "1.0.6",
      "resolved": "http://registry.npm.taobao.org/combined-stream/download/combined-stream-1.0.6.tgz",
      "integrity": "sha1-cj599ugBrFYTETp+RFqbactjKBg=",
      "requires": {
        "delayed-stream": "~1.0.0"
      }
    },
    "commander": {
      "version": "2.17.1",
      "resolved": "http://registry.npm.taobao.org/commander/download/commander-2.17.1.tgz",
      "integrity": "sha1-vXerfebelCBc6sxy8XFtKfIKd78="
    },
    "component-emitter": {
      "version": "1.2.1",
      "resolved": "http://registry.npm.taobao.org/component-emitter/download/component-emitter-1.2.1.tgz",
      "integrity": "sha1-E3kY1teCg/ffemt8WmPhQOaUJeY="
    },
    "cookiejar": {
      "version": "2.1.2",
      "resolved": "http://registry.npm.taobao.org/cookiejar/download/cookiejar-2.1.2.tgz",
      "integrity": "sha1-3YojVTB1L5iPmghE8/xYnjERElw="
    },
    "core-js": {
      "version": "2.5.7",
      "resolved": "http://registry.npm.taobao.org/core-js/download/core-js-2.5.7.tgz",
      "integrity": "sha1-+XJgj/DOrWi4QaFqky0LGDeRgU4="
    },
    "core-util-is": {
      "version": "1.0.2",
      "resolved": "http://registry.npm.taobao.org/core-util-is/download/core-util-is-1.0.2.tgz",
      "integrity": "sha1-tf1UIgqivFq1eqtxQMlAdUUDwac="
    },
    "css-select": {
      "version": "1.2.0",
      "resolved": "http://registry.npm.taobao.org/css-select/download/css-select-1.2.0.tgz",
      "integrity": "sha1-KzoRBTnFNV8c2NMUYj6HCxIeyFg=",
      "requires": {
        "boolbase": "~1.0.0",
        "css-what": "2.1",
        "domutils": "1.5.1",
        "nth-check": "~1.0.1"
      }
    },
    "css-what": {
      "version": "2.1.0",
      "resolved": "http://registry.npm.taobao.org/css-what/download/css-what-2.1.0.tgz",
      "integrity": "sha1-lGfQMsOM+u+58teVASUwYvh/ob0="
    },
    "debug": {
      "version": "3.1.0",
      "resolved": "http://registry.npm.taobao.org/debug/download/debug-3.1.0.tgz",
      "integrity": "sha1-W7WgZyYotkFJVmuhaBnmFRjGcmE=",
      "requires": {
        "ms": "2.0.0"
      }
    },
    "delayed-stream": {
      "version": "1.0.0",
      "resolved": "http://registry.npm.taobao.org/delayed-stream/download/delayed-stream-1.0.0.tgz",
      "integrity": "sha1-3zrhmayt+31ECqrgsp4icrJOxhk="
    },
    "dom-serializer": {
      "version": "0.1.0",
      "resolved": "http://registry.npm.taobao.org/dom-serializer/download/dom-serializer-0.1.0.tgz",
      "integrity": "sha1-BzxpdUbOB4DOI75KKOKT5AvDDII=",
      "requires": {
        "domelementtype": "~1.1.1",
        "entities": "~1.1.1"
      },
      "dependencies": {
        "domelementtype": {
          "version": "1.1.3",
          "resolved": "http://registry.npm.taobao.org/domelementtype/download/domelementtype-1.1.3.tgz",
          "integrity": "sha1-vSh3PiZCiBrsUVRJJCmcXNgiGFs="
        }
      }
    },
    "dom-walk": {
      "version": "0.1.1",
      "resolved": "http://registry.npm.taobao.org/dom-walk/download/dom-walk-0.1.1.tgz",
      "integrity": "sha1-ZyIm3HTI95mtNTB9+TaroRrNYBg="
    },
    "domelementtype": {
      "version": "1.3.0",
      "resolved": "http://registry.npm.taobao.org/domelementtype/download/domelementtype-1.3.0.tgz",
      "integrity": "sha1-sXrtguirWeUt2cGbF1bg/BhyBMI="
    },
    "domhandler": {
      "version": "2.4.2",
      "resolved": "http://registry.npm.taobao.org/domhandler/download/domhandler-2.4.2.tgz",
      "integrity": "sha1-iAUJfpM9ZehVRvcm1g9euItE+AM=",
      "requires": {
        "domelementtype": "1"
      }
    },
    "domutils": {
      "version": "1.5.1",
      "resolved": "http://registry.npm.taobao.org/domutils/download/domutils-1.5.1.tgz",
      "integrity": "sha1-3NhIiib1Y9YQeeSMn3t+Mjc2gs8=",
      "requires": {
        "dom-serializer": "0",
        "domelementtype": "1"
      }
    },
    "entities": {
      "version": "1.1.1",
      "resolved": "http://registry.npm.taobao.org/entities/download/entities-1.1.1.tgz",
      "integrity": "sha1-blwtClYhtdra7O+AuQ7ftc13cvA="
    },
    "escape-string-regexp": {
      "version": "1.0.5",
      "resolved": "http://registry.npm.taobao.org/escape-string-regexp/download/escape-string-regexp-1.0.5.tgz",
      "integrity": "sha1-G2HAViGQqN/2rjuyzwIAyhMLhtQ="
    },
    "exif-parser": {
      "version": "0.1.12",
      "resolved": "http://registry.npm.taobao.org/exif-parser/download/exif-parser-0.1.12.tgz",
      "integrity": "sha1-WKnS1ywCwfbwKg70qRZicrd2CSI="
    },
    "extend": {
      "version": "3.0.2",
      "resolved": "http://registry.npm.taobao.org/extend/download/extend-3.0.2.tgz",
      "integrity": "sha1-+LETa0Bx+9jrFAr/hYsQGewpFfo="
    },
    "external-editor": {
      "version": "3.0.1",
      "resolved": "http://registry.npm.taobao.org/external-editor/download/external-editor-3.0.1.tgz",
      "integrity": "sha1-/JY4xNfN5PC7grEjB6GiORLEkuM=",
      "requires": {
        "chardet": "^0.5.0",
        "iconv-lite": "^0.4.22",
        "tmp": "^0.0.33"
      }
    },
    "figures": {
      "version": "2.0.0",
      "resolved": "http://registry.npm.taobao.org/figures/download/figures-2.0.0.tgz",
      "integrity": "sha1-OrGi0qYsi/tDGgyUy3l6L84nyWI=",
      "requires": {
        "escape-string-regexp": "^1.0.5"
      }
    },
    "file-type": {
      "version": "9.0.0",
      "resolved": "http://registry.npm.taobao.org/file-type/download/file-type-9.0.0.tgz",
      "integrity": "sha1-po1a0H9IZBTfssiGb3MWGUZxShg="
    },
    "for-each": {
      "version": "0.3.3",
      "resolved": "http://registry.npm.taobao.org/for-each/download/for-each-0.3.3.tgz",
      "integrity": "sha1-abRH6IoKXTLD5whPPxcQA0shN24=",
      "requires": {
        "is-callable": "^1.1.3"
      }
    },
    "form-data": {
      "version": "2.3.2",
      "resolved": "http://registry.npm.taobao.org/form-data/download/form-data-2.3.2.tgz",
      "integrity": "sha1-SXBJi+YEwgwAXU9cI67NIda0kJk=",
      "requires": {
        "asynckit": "^0.4.0",
        "combined-stream": "1.0.6",
        "mime-types": "^2.1.12"
      }
    },
    "formidable": {
      "version": "1.2.1",
      "resolved": "http://registry.npm.taobao.org/formidable/download/formidable-1.2.1.tgz",
      "integrity": "sha1-cPt8oCkO5v+WEJBBX0s989IIJlk="
    },
    "global": {
      "version": "4.3.2",
      "resolved": "http://registry.npm.taobao.org/global/download/global-4.3.2.tgz",
      "integrity": "sha1-52mJJopsdMOJCLEwWxD8DjlOnQ8=",
      "requires": {
        "min-document": "^2.19.0",
        "process": "~0.5.1"
      }
    },
    "has-flag": {
      "version": "3.0.0",
      "resolved": "http://registry.npm.taobao.org/has-flag/download/has-flag-3.0.0.tgz",
      "integrity": "sha1-tdRU3CGZriJWmfNGfloH87lVuv0="
    },
    "htmlparser2": {
      "version": "3.9.2",
      "resolved": "http://registry.npm.taobao.org/htmlparser2/download/htmlparser2-3.9.2.tgz",
      "integrity": "sha1-G9+HrMoPP55T+k/M6w9LTLsAszg=",
      "requires": {
        "domelementtype": "^1.3.0",
        "domhandler": "^2.3.0",
        "domutils": "^1.5.1",
        "entities": "^1.1.1",
        "inherits": "^2.0.1",
        "readable-stream": "^2.0.2"
      }
    },
    "iconv-lite": {
      "version": "0.4.23",
      "resolved": "http://registry.npm.taobao.org/iconv-lite/download/iconv-lite-0.4.23.tgz",
      "integrity": "sha1-KXhx9jvlB63Pv8pxXQzQ7thOmmM=",
      "requires": {
        "safer-buffer": ">= 2.1.2 < 3"
      }
    },
    "ieee754": {
      "version": "1.1.12",
      "resolved": "http://registry.npm.taobao.org/ieee754/download/ieee754-1.1.12.tgz",
      "integrity": "sha1-UL8k5bnIu5ivSWTJQc2wkY2ntgs="
    },
    "inherits": {
      "version": "2.0.3",
      "resolved": "http://registry.npm.taobao.org/inherits/download/inherits-2.0.3.tgz",
      "integrity": "sha1-Yzwsg+PaQqUC9SRmAiSA9CCCYd4="
    },
    "inquirer": {
      "version": "6.1.0",
      "resolved": "http://registry.npm.taobao.org/inquirer/download/inquirer-6.1.0.tgz",
      "integrity": "sha1-j2XHsxxJgoX03fO3Qq2MSHiSBAs=",
      "requires": {
        "ansi-escapes": "^3.0.0",
        "chalk": "^2.0.0",
        "cli-cursor": "^2.1.0",
        "cli-width": "^2.0.0",
        "external-editor": "^3.0.0",
        "figures": "^2.0.0",
        "lodash": "^4.3.0",
        "mute-stream": "0.0.7",
        "run-async": "^2.2.0",
        "rxjs": "^6.1.0",
        "string-width": "^2.1.0",
        "strip-ansi": "^4.0.0",
        "through": "^2.3.6"
      }
    },
    "is-callable": {
      "version": "1.1.4",
      "resolved": "http://registry.npm.taobao.org/is-callable/download/is-callable-1.1.4.tgz",
      "integrity": "sha1-HhrfIZ4e62hNaR+dagX/DTCiTXU="
    },
    "is-fullwidth-code-point": {
      "version": "2.0.0",
      "resolved": "http://registry.npm.taobao.org/is-fullwidth-code-point/download/is-fullwidth-code-point-2.0.0.tgz",
      "integrity": "sha1-o7MKXE8ZkYMWeqq5O+764937ZU8="
    },
    "is-function": {
      "version": "1.0.1",
      "resolved": "http://registry.npm.taobao.org/is-function/download/is-function-1.0.1.tgz",
      "integrity": "sha1-Es+5i2W1fdPRk6MSH19uL0N2ArU="
    },
    "is-promise": {
      "version": "2.1.0",
      "resolved": "http://registry.npm.taobao.org/is-promise/download/is-promise-2.1.0.tgz",
      "integrity": "sha1-eaKp7OfwlugPNtKy87wWwf9L8/o="
    },
    "isarray": {
      "version": "1.0.0",
      "resolved": "http://registry.npm.taobao.org/isarray/download/isarray-1.0.0.tgz",
      "integrity": "sha1-u5NdSFgsuhaMBoNJV6VKPgcSTxE="
    },
    "jimp": {
      "version": "0.3.5",
      "resolved": "http://registry.npm.taobao.org/jimp/download/jimp-0.3.5.tgz",
      "integrity": "sha1-KZo2SNMGyhFMwwL331PuvE1rivY=",
      "requires": {
        "@babel/polyfill": "^7.0.0-rc.1",
        "any-base": "^1.1.0",
        "bmp-js": "0.1.0",
        "buffer": "^5.2.0",
        "exif-parser": "^0.1.12",
        "file-type": "^9.0.0",
        "jpeg-js": "^0.3.4",
        "load-bmfont": "^1.3.0",
        "mkdirp": "0.5.1",
        "omggif": "^1.0.9",
        "phin": "^2.9.1",
        "pixelmatch": "^4.0.2",
        "pngjs": "^3.3.3",
        "tinycolor2": "^1.4.1",
        "utif": "^2.0.0"
      }
    },
    "jpeg-js": {
      "version": "0.3.4",
      "resolved": "http://registry.npm.taobao.org/jpeg-js/download/jpeg-js-0.3.4.tgz",
      "integrity": "sha1-3CulAe49WLe7iTxdH6tHKUkX5+c="
    },
    "jpgjs": {
      "version": "github:makr28/jpgjs#c83f107ad725b476a3441d20680a02590d8752cc",
      "from": "github:makr28/jpgjs"
    },
    "load-bmfont": {
      "version": "1.3.1",
      "resolved": "http://registry.npm.taobao.org/load-bmfont/download/load-bmfont-1.3.1.tgz",
      "integrity": "sha1-Dnkz9mVDQJiCEnsND7rXpm1aeGk=",
      "requires": {
        "buffer-equal": "0.0.1",
        "mime": "^1.3.4",
        "parse-bmfont-ascii": "^1.0.3",
        "parse-bmfont-binary": "^1.0.5",
        "parse-bmfont-xml": "^1.1.4",
        "xhr": "^2.0.1",
        "xtend": "^4.0.0"
      }
    },
    "lodash": {
      "version": "4.17.10",
      "resolved": "http://registry.npm.taobao.org/lodash/download/lodash-4.17.10.tgz",
      "integrity": "sha1-G3eTz3JZ6jj7NmHU04syYK+K5Oc="
    },
    "methods": {
      "version": "1.1.2",
      "resolved": "http://registry.npm.taobao.org/methods/download/methods-1.1.2.tgz",
      "integrity": "sha1-VSmk1nZUE07cxSZmVoNbD4Ua/O4="
    },
    "mime": {
      "version": "1.6.0",
      "resolved": "http://registry.npm.taobao.org/mime/download/mime-1.6.0.tgz",
      "integrity": "sha1-Ms2eXGRVO9WNGaVor0Uqz/BJgbE="
    },
    "mime-db": {
      "version": "1.35.0",
      "resolved": "http://registry.npm.taobao.org/mime-db/download/mime-db-1.35.0.tgz",
      "integrity": "sha1-BWnWV0ZkkSg3CWY603mpm5DZq0c="
    },
    "mime-types": {
      "version": "2.1.19",
      "resolved": "http://registry.npm.taobao.org/mime-types/download/mime-types-2.1.19.tgz",
      "integrity": "sha1-ceRkU3p++BwV8tudl+kT/A/2BvA=",
      "requires": {
        "mime-db": "~1.35.0"
      }
    },
    "mimic-fn": {
      "version": "1.2.0",
      "resolved": "http://registry.npm.taobao.org/mimic-fn/download/mimic-fn-1.2.0.tgz",
      "integrity": "sha1-ggyGo5M0ZA6ZUWkovQP8qIBX0CI="
    },
    "min-document": {
      "version": "2.19.0",
      "resolved": "http://registry.npm.taobao.org/min-document/download/min-document-2.19.0.tgz",
      "integrity": "sha1-e9KC4/WELtKVu3SM3Z8f+iyCRoU=",
      "requires": {
        "dom-walk": "^0.1.0"
      }
    },
    "minimist": {
      "version": "0.0.8",
      "resolved": "http://registry.npm.taobao.org/minimist/download/minimist-0.0.8.tgz",
      "integrity": "sha1-hX/Kv8M5fSYluCKCYuhqp6ARsF0="
    },
    "mkdirp": {
      "version": "0.5.1",
      "resolved": "http://registry.npm.taobao.org/mkdirp/download/mkdirp-0.5.1.tgz",
      "integrity": "sha1-MAV0OOrGz3+MR2fzhkjWaX11yQM=",
      "requires": {
        "minimist": "0.0.8"
      }
    },
    "ms": {
      "version": "2.0.0",
      "resolved": "http://registry.npm.taobao.org/ms/download/ms-2.0.0.tgz",
      "integrity": "sha1-VgiurfwAvmwpAd9fmGF4jeDVl8g="
    },
    "mute-stream": {
      "version": "0.0.7",
      "resolved": "http://registry.npm.taobao.org/mute-stream/download/mute-stream-0.0.7.tgz",
      "integrity": "sha1-MHXOk7whuPq0PhvE2n6BFe0ee6s="
    },
    "nth-check": {
      "version": "1.0.1",
      "resolved": "http://registry.npm.taobao.org/nth-check/download/nth-check-1.0.1.tgz",
      "integrity": "sha1-mSms32KPwsQQmN6rgqxYDPFJquQ=",
      "requires": {
        "boolbase": "~1.0.0"
      }
    },
    "omggif": {
      "version": "1.0.9",
      "resolved": "http://registry.npm.taobao.org/omggif/download/omggif-1.0.9.tgz",
      "integrity": "sha1-3LcCTazVDFK00wPwSALJHAV8dl8="
    },
    "onetime": {
      "version": "2.0.1",
      "resolved": "http://registry.npm.taobao.org/onetime/download/onetime-2.0.1.tgz",
      "integrity": "sha1-BnQoIw/WdEOyeUsiu6UotoZ5YtQ=",
      "requires": {
        "mimic-fn": "^1.0.0"
      }
    },
    "os-tmpdir": {
      "version": "1.0.2",
      "resolved": "http://registry.npm.taobao.org/os-tmpdir/download/os-tmpdir-1.0.2.tgz",
      "integrity": "sha1-u+Z0BseaqFxc/sdm/lc0VV36EnQ="
    },
    "pako": {
      "version": "1.0.6",
      "resolved": "http://registry.npm.taobao.org/pako/download/pako-1.0.6.tgz",
      "integrity": "sha1-AQEhG6pwxLykoPY/Igbpe3368lg="
    },
    "parse-bmfont-ascii": {
      "version": "1.0.6",
      "resolved": "http://registry.npm.taobao.org/parse-bmfont-ascii/download/parse-bmfont-ascii-1.0.6.tgz",
      "integrity": "sha1-Eaw8P/WPfCAgqyJ2kHkQjU36AoU="
    },
    "parse-bmfont-binary": {
      "version": "1.0.6",
      "resolved": "http://registry.npm.taobao.org/parse-bmfont-binary/download/parse-bmfont-binary-1.0.6.tgz",
      "integrity": "sha1-0Di0dtPp3Z2x4RoLDlOiJ5K2kAY="
    },
    "parse-bmfont-xml": {
      "version": "1.1.4",
      "resolved": "http://registry.npm.taobao.org/parse-bmfont-xml/download/parse-bmfont-xml-1.1.4.tgz",
      "integrity": "sha1-AVMZeX4+EvnnOcTVE4cs0vo184k=",
      "requires": {
        "xml-parse-from-string": "^1.0.0",
        "xml2js": "^0.4.5"
      }
    },
    "parse-headers": {
      "version": "2.0.1",
      "resolved": "http://registry.npm.taobao.org/parse-headers/download/parse-headers-2.0.1.tgz",
      "integrity": "sha1-aug6eqJanZtwCswoaYzR8e1+lTY=",
      "requires": {
        "for-each": "^0.3.2",
        "trim": "0.0.1"
      }
    },
    "parse5": {
      "version": "3.0.3",
      "resolved": "http://registry.npm.taobao.org/parse5/download/parse5-3.0.3.tgz",
      "integrity": "sha1-BC95L/3TaFFVHPTp4Gazh0q0W1w=",
      "requires": {
        "@types/node": "*"
      }
    },
    "phin": {
      "version": "2.9.1",
      "resolved": "http://registry.npm.taobao.org/phin/download/phin-2.9.1.tgz",
      "integrity": "sha1-DekFmxqb1W/LG9ijdDRKBvJfGQE="
    },
    "pixelmatch": {
      "version": "4.0.2",
      "resolved": "http://registry.npm.taobao.org/pixelmatch/download/pixelmatch-4.0.2.tgz",
      "integrity": "sha1-j0fc7FARtHe2fbA8JDvB8wheiFQ=",
      "requires": {
        "pngjs": "^3.0.0"
      }
    },
    "pngjs": {
      "version": "3.3.3",
      "resolved": "http://registry.npm.taobao.org/pngjs/download/pngjs-3.3.3.tgz",
      "integrity": "sha1-hRc3A73j7ayJmHV7luWCHQlmohs="
    },
    "process": {
      "version": "0.5.2",
      "resolved": "http://registry.npm.taobao.org/process/download/process-0.5.2.tgz",
      "integrity": "sha1-FjjYqONML0QKkduVq5rrZ3/Bhc8="
    },
    "process-nextick-args": {
      "version": "2.0.0",
      "resolved": "http://registry.npm.taobao.org/process-nextick-args/download/process-nextick-args-2.0.0.tgz",
      "integrity": "sha1-o31zL0JxtKsa0HDTVQjoKQeI/6o="
    },
    "qs": {
      "version": "6.5.2",
      "resolved": "http://registry.npm.taobao.org/qs/download/qs-6.5.2.tgz",
      "integrity": "sha1-yzroBuh0BERYTvFUzo7pjUA/PjY="
    },
    "readable-stream": {
      "version": "2.3.6",
      "resolved": "http://registry.npm.taobao.org/readable-stream/download/readable-stream-2.3.6.tgz",
      "integrity": "sha1-sRwn2IuP8fvgcGQ8+UsMea4bCq8=",
      "requires": {
        "core-util-is": "~1.0.0",
        "inherits": "~2.0.3",
        "isarray": "~1.0.0",
        "process-nextick-args": "~2.0.0",
        "safe-buffer": "~5.1.1",
        "string_decoder": "~1.1.1",
        "util-deprecate": "~1.0.1"
      }
    },
    "regenerator-runtime": {
      "version": "0.11.1",
      "resolved": "http://registry.npm.taobao.org/regenerator-runtime/download/regenerator-runtime-0.11.1.tgz",
      "integrity": "sha1-vgWtf5v30i4Fb5cmzuUBf78Z4uk="
    },
    "restore-cursor": {
      "version": "2.0.0",
      "resolved": "http://registry.npm.taobao.org/restore-cursor/download/restore-cursor-2.0.0.tgz",
      "integrity": "sha1-n37ih/gv0ybU/RYpI9YhKe7g368=",
      "requires": {
        "onetime": "^2.0.0",
        "signal-exit": "^3.0.2"
      }
    },
    "run-async": {
      "version": "2.3.0",
      "resolved": "http://registry.npm.taobao.org/run-async/download/run-async-2.3.0.tgz",
      "integrity": "sha1-A3GrSuC91yDUFm19/aZP96RFpsA=",
      "requires": {
        "is-promise": "^2.1.0"
      }
    },
    "rxjs": {
      "version": "6.2.2",
      "resolved": "http://registry.npm.taobao.org/rxjs/download/rxjs-6.2.2.tgz",
      "integrity": "sha1-63X6PBhv9SiZB9Bkg6d4hFhuHPk=",
      "requires": {
        "tslib": "^1.9.0"
      }
    },
    "safe-buffer": {
      "version": "5.1.2",
      "resolved": "http://registry.npm.taobao.org/safe-buffer/download/safe-buffer-5.1.2.tgz",
      "integrity": "sha1-mR7GnSluAxN0fVm9/St0XDX4go0="
    },
    "safer-buffer": {
      "version": "2.1.2",
      "resolved": "http://registry.npm.taobao.org/safer-buffer/download/safer-buffer-2.1.2.tgz",
      "integrity": "sha1-RPoWGwGHuVSd2Eu5GAL5vYOFzWo="
    },
    "sax": {
      "version": "1.2.4",
      "resolved": "http://registry.npm.taobao.org/sax/download/sax-1.2.4.tgz",
      "integrity": "sha1-KBYjTiN4vdxOU1T6tcqold9xANk="
    },
    "signal-exit": {
      "version": "3.0.2",
      "resolved": "http://registry.npm.taobao.org/signal-exit/download/signal-exit-3.0.2.tgz",
      "integrity": "sha1-tf3AjxKH6hF4Yo5BXiUTK3NkbG0="
    },
    "string-width": {
      "version": "2.1.1",
      "resolved": "http://registry.npm.taobao.org/string-width/download/string-width-2.1.1.tgz",
      "integrity": "sha1-q5Pyeo3BPSjKyBXEYhQ6bZASrp4=",
      "requires": {
        "is-fullwidth-code-point": "^2.0.0",
        "strip-ansi": "^4.0.0"
      }
    },
    "string_decoder": {
      "version": "1.1.1",
      "resolved": "http://registry.npm.taobao.org/string_decoder/download/string_decoder-1.1.1.tgz",
      "integrity": "sha1-nPFhG6YmhdcDCunkujQUnDrwP8g=",
      "requires": {
        "safe-buffer": "~5.1.0"
      }
    },
    "strip-ansi": {
      "version": "4.0.0",
      "resolved": "http://registry.npm.taobao.org/strip-ansi/download/strip-ansi-4.0.0.tgz",
      "integrity": "sha1-qEeQIusaw2iocTibY1JixQXuNo8=",
      "requires": {
        "ansi-regex": "^3.0.0"
      }
    },
    "superagent": {
      "version": "3.8.3",
      "resolved": "http://registry.npm.taobao.org/superagent/download/superagent-3.8.3.tgz",
      "integrity": "sha1-Rg6g29t9WxG8T3jeulZfhqF44Sg=",
      "requires": {
        "component-emitter": "^1.2.0",
        "cookiejar": "^2.1.0",
        "debug": "^3.1.0",
        "extend": "^3.0.0",
        "form-data": "^2.3.1",
        "formidable": "^1.2.0",
        "methods": "^1.1.1",
        "mime": "^1.4.1",
        "qs": "^6.5.1",
        "readable-stream": "^2.3.5"
      }
    },
    "supports-color": {
      "version": "5.4.0",
      "resolved": "http://registry.npm.taobao.org/supports-color/download/supports-color-5.4.0.tgz",
      "integrity": "sha1-HGszdALCE3YF7+GfEP7DkPb6q1Q=",
      "requires": {
        "has-flag": "^3.0.0"
      }
    },
    "through": {
      "version": "2.3.8",
      "resolved": "http://registry.npm.taobao.org/through/download/through-2.3.8.tgz",
      "integrity": "sha1-DdTJ/6q8NXlgsbckEV1+Doai4fU="
    },
    "tinycolor2": {
      "version": "1.4.1",
      "resolved": "http://registry.npm.taobao.org/tinycolor2/download/tinycolor2-1.4.1.tgz",
      "integrity": "sha1-9PrTM0R7wLB9TcjpIJ2POaisd+g="
    },
    "tmp": {
      "version": "0.0.33",
      "resolved": "http://registry.npm.taobao.org/tmp/download/tmp-0.0.33.tgz",
      "integrity": "sha1-bTQzWIl2jSGyvNoKonfO07G/rfk=",
      "requires": {
        "os-tmpdir": "~1.0.2"
      }
    },
    "trim": {
      "version": "0.0.1",
      "resolved": "http://registry.npm.taobao.org/trim/download/trim-0.0.1.tgz",
      "integrity": "sha1-WFhUf2spB1fulczMZm+1AITEYN0="
    },
    "tslib": {
      "version": "1.9.3",
      "resolved": "http://registry.npm.taobao.org/tslib/download/tslib-1.9.3.tgz",
      "integrity": "sha1-1+TdeSRdhUKMTX5IIqeZF5VMooY="
    },
    "utif": {
      "version": "2.0.0",
      "resolved": "http://registry.npm.taobao.org/utif/download/utif-2.0.0.tgz",
      "integrity": "sha1-QX2H24UE/n1RwH0D72vgDm5Krfw=",
      "requires": {
        "jpgjs": "github:makr28/jpgjs#c83f107ad725b476a3441d20680a02590d8752cc",
        "pako": "^1.0.5"
      }
    },
    "util-deprecate": {
      "version": "1.0.2",
      "resolved": "http://registry.npm.taobao.org/util-deprecate/download/util-deprecate-1.0.2.tgz",
      "integrity": "sha1-RQ1Nyfpw3nMnYvvS1KKJgUGaDM8="
    },
    "xhr": {
      "version": "2.5.0",
      "resolved": "http://registry.npm.taobao.org/xhr/download/xhr-2.5.0.tgz",
      "integrity": "sha1-vtjRZ21co2EIZnaSt0sxbEluSd0=",
      "requires": {
        "global": "~4.3.0",
        "is-function": "^1.0.1",
        "parse-headers": "^2.0.0",
        "xtend": "^4.0.0"
      }
    },
    "xml-parse-from-string": {
      "version": "1.0.1",
      "resolved": "http://registry.npm.taobao.org/xml-parse-from-string/download/xml-parse-from-string-1.0.1.tgz",
      "integrity": "sha1-qQKekp09vN7RafPG4oI42VpdWig="
    },
    "xml2js": {
      "version": "0.4.19",
      "resolved": "http://registry.npm.taobao.org/xml2js/download/xml2js-0.4.19.tgz",
      "integrity": "sha1-aGwg8hMgnpSr8NG88e+qKRx4J6c=",
      "requires": {
        "sax": ">=0.6.0",
        "xmlbuilder": "~9.0.1"
      }
    },
    "xmlbuilder": {
      "version": "9.0.7",
      "resolved": "http://registry.npm.taobao.org/xmlbuilder/download/xmlbuilder-9.0.7.tgz",
      "integrity": "sha1-Ey7mPS7FVlxVfiD0wi35rKaGsQ0="
    },
    "xtend": {
      "version": "4.0.1",
      "resolved": "http://registry.npm.taobao.org/xtend/download/xtend-4.0.1.tgz",
      "integrity": "sha1-pcbVMr5lbiPbgg77lDofBJmNY68="
    }
  }
}
